
Microsoft Visual Studio Solution File, Format Version 12.00
Project("{FAE04EC0-301F-11D3-BF4B-00C04F79EFBC}") = "Mela.MailService.Api", "src\Mela.MailService.Api\Mela.MailService.Api.csproj", "{3D3D85EF-2D33-4241-B42F-174B3215A5CF}"
EndProject
Global
	GlobalSection(SolutionConfigurationPlatforms) = preSolution
		Debug|Any CPU = Debug|Any CPU
		Release|Any CPU = Release|Any CPU
	EndGlobalSection
	GlobalSection(ProjectConfigurationPlatforms) = postSolution
		{3D3D85EF-2D33-4241-B42F-174B3215A5CF}.Debug|Any CPU.ActiveCfg = Debug|Any CPU
		{3D3D85EF-2D33-4241-B42F-174B3215A5CF}.Debug|Any CPU.Build.0 = Debug|Any CPU
		{3D3D85EF-2D33-4241-B42F-174B3215A5CF}.Release|Any CPU.ActiveCfg = Release|Any CPU
		{3D3D85EF-2D33-4241-B42F-174B3215A5CF}.Release|Any CPU.Build.0 = Release|Any CPU
	EndGlobalSection
EndGlobal
